
Microsoft Visual Studio Solution File, Format Version 12.00
# Visual Studio Version 17
VisualStudioVersion = 17.5.002.0
MinimumVisualStudioVersion = 10.0.40219.1
Project("{2150E333-8FDC-42A3-9474-1A3956D46DE8}") = "sharpProjects", "sharpProjects", "{3DAB684E-E55D-4DCF-BDB6-AF6E6F819558}"
EndProject
Project("{9A19103F-16F7-4668-BE54-9A1E7A4F7556}") = "TestProject", "sharpProjects\TestProject\TestProject.csproj", "{E9FEC177-D5A1-4FA3-A160-9BEB8EFDE93C}"
EndProject
Global
	GlobalSection(SolutionConfigurationPlatforms) = preSolution
		Debug|Any CPU = Debug|Any CPU
		Release|Any CPU = Release|Any CPU
	EndGlobalSection
	GlobalSection(ProjectConfigurationPlatforms) = postSolution
		{E9FEC177-D5A1-4FA3-A160-9BEB8EFDE93C}.Debug|Any CPU.ActiveCfg = Debug|Any CPU
		{E9FEC177-D5A1-4FA3-A160-9BEB8EFDE93C}.Debug|Any CPU.Build.0 = Debug|Any CPU
		{E9FEC177-D5A1-4FA3-A160-9BEB8EFDE93C}.Release|Any CPU.ActiveCfg = Release|Any CPU
		{E9FEC177-D5A1-4FA3-A160-9BEB8EFDE93C}.Release|Any CPU.Build.0 = Release|Any CPU
	EndGlobalSection
	GlobalSection(SolutionProperties) = preSolution
		HideSolutionNode = FALSE
	EndGlobalSection
	GlobalSection(NestedProjects) = preSolution
		{E9FEC177-D5A1-4FA3-A160-9BEB8EFDE93C} = {3DAB684E-E55D-4DCF-BDB6-AF6E6F819558}
	EndGlobalSection
	GlobalSection(ExtensibilityGlobals) = postSolution
		SolutionGuid = {EF95BEB3-51FF-413D-9C88-C30CA2F0335F}
	EndGlobalSection
EndGlobal
